
Microsoft Visual Studio Solution File, Format Version 12.00
# Visual Studio Version 17
VisualStudioVersion = 17.7.34221.43
MinimumVisualStudioVersion = 10.0.40219.1
Project("{FAE04EC0-301F-11D3-BF4B-00C04F79EFBC}") = "EntityFrameworkDynamicFilterExample", "EntityFrameworkDynamicFilterExample\EntityFrameworkDynamicFilterExample.csproj", "{A0B45C65-5728-471F-8117-84572DDFED5A}"
EndProject
Global
	GlobalSection(SolutionConfigurationPlatforms) = preSolution
		Debug|Any CPU = Debug|Any CPU
		Release|Any CPU = Release|Any CPU
	EndGlobalSection
	GlobalSection(ProjectConfigurationPlatforms) = postSolution
		{A0B45C65-5728-471F-8117-84572DDFED5A}.Debug|Any CPU.ActiveCfg = Debug|Any CPU
		{A0B45C65-5728-471F-8117-84572DDFED5A}.Debug|Any CPU.Build.0 = Debug|Any CPU
		{A0B45C65-5728-471F-8117-84572DDFED5A}.Release|Any CPU.ActiveCfg = Release|Any CPU
		{A0B45C65-5728-471F-8117-84572DDFED5A}.Release|Any CPU.Build.0 = Release|Any CPU
	EndGlobalSection
	GlobalSection(SolutionProperties) = preSolution
		HideSolutionNode = FALSE
	EndGlobalSection
	GlobalSection(ExtensibilityGlobals) = postSolution
		SolutionGuid = {DF7F73A0-DF07-4A4D-BB18-6BC1D0090DA0}
	EndGlobalSection
EndGlobal
